
Microsoft Visual Studio Solution File, Format Version 12.00
# Visual Studio Version 17
VisualStudioVersion = 17.0.31903.59
MinimumVisualStudioVersion = 10.0.40219.1
Project("{FAE04EC0-301F-11D3-BF4B-00C04F79EFBC}") = "HospitalChatbot.API", "HospitalChatbot.API\HospitalChatbot.API.csproj", "{650DC05D-D8D3-45D5-BC04-CBA3606952E1}"
EndProject
Project("{FAE04EC0-301F-11D3-BF4B-00C04F79EFBC}") = "HospitalChatbot.Domain", "HospitalChatbot.Domain\HospitalChatbot.Domain.csproj", "{5630D5BD-A8F9-46CD-97B5-23692F752D1E}"
EndProject
Project("{FAE04EC0-301F-11D3-BF4B-00C04F79EFBC}") = "HospitalChatbot.Application", "HospitalChatbot.Application\HospitalChatbot.Application.csproj", "{68BFDF67-DB5F-46D6-92CD-2468B87AEBE7}"
EndProject
Project("{FAE04EC0-301F-11D3-BF4B-00C04F79EFBC}") = "HospitalChatbot.Infrastructure", "HospitalChatbot.Infrastructure\HospitalChatbot.Infrastructure.csproj", "{AD1D73A5-FD4C-41C5-9F8F-9C0CB3DCBA5C}"
EndProject
Global
	GlobalSection(SolutionConfigurationPlatforms) = preSolution
		Debug|Any CPU = Debug|Any CPU
		Debug|x64 = Debug|x64
		Debug|x86 = Debug|x86
		Release|Any CPU = Release|Any CPU
		Release|x64 = Release|x64
		Release|x86 = Release|x86
	EndGlobalSection
	GlobalSection(ProjectConfigurationPlatforms) = postSolution
		{650DC05D-D8D3-45D5-BC04-CBA3606952E1}.Debug|Any CPU.ActiveCfg = Debug|Any CPU
		{650DC05D-D8D3-45D5-BC04-CBA3606952E1}.Debug|Any CPU.Build.0 = Debug|Any CPU
		{650DC05D-D8D3-45D5-BC04-CBA3606952E1}.Debug|x64.ActiveCfg = Debug|Any CPU
		{650DC05D-D8D3-45D5-BC04-CBA3606952E1}.Debug|x64.Build.0 = Debug|Any CPU
		{650DC05D-D8D3-45D5-BC04-CBA3606952E1}.Debug|x86.ActiveCfg = Debug|Any CPU
		{650DC05D-D8D3-45D5-BC04-CBA3606952E1}.Debug|x86.Build.0 = Debug|Any CPU
		{650DC05D-D8D3-45D5-BC04-CBA3606952E1}.Release|Any CPU.ActiveCfg = Release|Any CPU
		{650DC05D-D8D3-45D5-BC04-CBA3606952E1}.Release|Any CPU.Build.0 = Release|Any CPU
		{650DC05D-D8D3-45D5-BC04-CBA3606952E1}.Release|x64.ActiveCfg = Release|Any CPU
		{650DC05D-D8D3-45D5-BC04-CBA3606952E1}.Release|x64.Build.0 = Release|Any CPU
		{650DC05D-D8D3-45D5-BC04-CBA3606952E1}.Release|x86.ActiveCfg = Release|Any CPU
		{650DC05D-D8D3-45D5-BC04-CBA3606952E1}.Release|x86.Build.0 = Release|Any CPU
		{5630D5BD-A8F9-46CD-97B5-23692F752D1E}.Debug|Any CPU.ActiveCfg = Debug|Any CPU
		{5630D5BD-A8F9-46CD-97B5-23692F752D1E}.Debug|Any CPU.Build.0 = Debug|Any CPU
		{5630D5BD-A8F9-46CD-97B5-23692F752D1E}.Debug|x64.ActiveCfg = Debug|Any CPU
		{5630D5BD-A8F9-46CD-97B5-23692F752D1E}.Debug|x64.Build.0 = Debug|Any CPU
		{5630D5BD-A8F9-46CD-97B5-23692F752D1E}.Debug|x86.ActiveCfg = Debug|Any CPU
		{5630D5BD-A8F9-46CD-97B5-23692F752D1E}.Debug|x86.Build.0 = Debug|Any CPU
		{5630D5BD-A8F9-46CD-97B5-23692F752D1E}.Release|Any CPU.ActiveCfg = Release|Any CPU
		{5630D5BD-A8F9-46CD-97B5-23692F752D1E}.Release|Any CPU.Build.0 = Release|Any CPU
		{5630D5BD-A8F9-46CD-97B5-23692F752D1E}.Release|x64.ActiveCfg = Release|Any CPU
		{5630D5BD-A8F9-46CD-97B5-23692F752D1E}.Release|x64.Build.0 = Release|Any CPU
		{5630D5BD-A8F9-46CD-97B5-23692F752D1E}.Release|x86.ActiveCfg = Release|Any CPU
		{5630D5BD-A8F9-46CD-97B5-23692F752D1E}.Release|x86.Build.0 = Release|Any CPU
		{68BFDF67-DB5F-46D6-92CD-2468B87AEBE7}.Debug|Any CPU.ActiveCfg = Debug|Any CPU
		{68BFDF67-DB5F-46D6-92CD-2468B87AEBE7}.Debug|Any CPU.Build.0 = Debug|Any CPU
		{68BFDF67-DB5F-46D6-92CD-2468B87AEBE7}.Debug|x64.ActiveCfg = Debug|Any CPU
		{68BFDF67-DB5F-46D6-92CD-2468B87AEBE7}.Debug|x64.Build.0 = Debug|Any CPU
		{68BFDF67-DB5F-46D6-92CD-2468B87AEBE7}.Debug|x86.ActiveCfg = Debug|Any CPU
		{68BFDF67-DB5F-46D6-92CD-2468B87AEBE7}.Debug|x86.Build.0 = Debug|Any CPU
		{68BFDF67-DB5F-46D6-92CD-2468B87AEBE7}.Release|Any CPU.ActiveCfg = Release|Any CPU
		{68BFDF67-DB5F-46D6-92CD-2468B87AEBE7}.Release|Any CPU.Build.0 = Release|Any CPU
		{68BFDF67-DB5F-46D6-92CD-2468B87AEBE7}.Release|x64.ActiveCfg = Release|Any CPU
		{68BFDF67-DB5F-46D6-92CD-2468B87AEBE7}.Release|x64.Build.0 = Release|Any CPU
		{68BFDF67-DB5F-46D6-92CD-2468B87AEBE7}.Release|x86.ActiveCfg = Release|Any CPU
		{68BFDF67-DB5F-46D6-92CD-2468B87AEBE7}.Release|x86.Build.0 = Release|Any CPU
		{AD1D73A5-FD4C-41C5-9F8F-9C0CB3DCBA5C}.Debug|Any CPU.ActiveCfg = Debug|Any CPU
		{AD1D73A5-FD4C-41C5-9F8F-9C0CB3DCBA5C}.Debug|Any CPU.Build.0 = Debug|Any CPU
		{AD1D73A5-FD4C-41C5-9F8F-9C0CB3DCBA5C}.Debug|x64.ActiveCfg = Debug|Any CPU
		{AD1D73A5-FD4C-41C5-9F8F-9C0CB3DCBA5C}.Debug|x64.Build.0 = Debug|Any CPU
		{AD1D73A5-FD4C-41C5-9F8F-9C0CB3DCBA5C}.Debug|x86.ActiveCfg = Debug|Any CPU
		{AD1D73A5-FD4C-41C5-9F8F-9C0CB3DCBA5C}.Debug|x86.Build.0 = Debug|Any CPU
		{AD1D73A5-FD4C-41C5-9F8F-9C0CB3DCBA5C}.Release|Any CPU.ActiveCfg = Release|Any CPU
		{AD1D73A5-FD4C-41C5-9F8F-9C0CB3DCBA5C}.Release|Any CPU.Build.0 = Release|Any CPU
		{AD1D73A5-FD4C-41C5-9F8F-9C0CB3DCBA5C}.Release|x64.ActiveCfg = Release|Any CPU
		{AD1D73A5-FD4C-41C5-9F8F-9C0CB3DCBA5C}.Release|x64.Build.0 = Release|Any CPU
		{AD1D73A5-FD4C-41C5-9F8F-9C0CB3DCBA5C}.Release|x86.ActiveCfg = Release|Any CPU
		{AD1D73A5-FD4C-41C5-9F8F-9C0CB3DCBA5C}.Release|x86.Build.0 = Release|Any CPU
	EndGlobalSection
	GlobalSection(SolutionProperties) = preSolution
		HideSolutionNode = FALSE
	EndGlobalSection
EndGlobal
